
Microsoft Visual Studio Solution File, Format Version 12.00
# Visual Studio Version 17
VisualStudioVersion = 17.9.34728.123
MinimumVisualStudioVersion = 10.0.40219.1
Project("{FAE04EC0-301F-11D3-BF4B-00C04F79EFBC}") = "KursVerwaltung", "KursVerwaltung\KursVerwaltung.csproj", "{92D1C1B4-7BA8-4136-8F58-FA9D2EDBD3DF}"
EndProject
Project("{FAE04EC0-301F-11D3-BF4B-00C04F79EFBC}") = "Datenbankverbindung", "Datenbankverbindung\Datenbankverbindung.csproj", "{2B871612-E9DE-4BA1-99CE-C49C9923988E}"
EndProject
Global
	GlobalSection(SolutionConfigurationPlatforms) = preSolution
		Debug|Any CPU = Debug|Any CPU
		Release|Any CPU = Release|Any CPU
	EndGlobalSection
	GlobalSection(ProjectConfigurationPlatforms) = postSolution
		{92D1C1B4-7BA8-4136-8F58-FA9D2EDBD3DF}.Debug|Any CPU.ActiveCfg = Debug|Any CPU
		{92D1C1B4-7BA8-4136-8F58-FA9D2EDBD3DF}.Debug|Any CPU.Build.0 = Debug|Any CPU
		{92D1C1B4-7BA8-4136-8F58-FA9D2EDBD3DF}.Release|Any CPU.ActiveCfg = Release|Any CPU
		{92D1C1B4-7BA8-4136-8F58-FA9D2EDBD3DF}.Release|Any CPU.Build.0 = Release|Any CPU
		{2B871612-E9DE-4BA1-99CE-C49C9923988E}.Debug|Any CPU.ActiveCfg = Debug|Any CPU
		{2B871612-E9DE-4BA1-99CE-C49C9923988E}.Debug|Any CPU.Build.0 = Debug|Any CPU
		{2B871612-E9DE-4BA1-99CE-C49C9923988E}.Release|Any CPU.ActiveCfg = Release|Any CPU
		{2B871612-E9DE-4BA1-99CE-C49C9923988E}.Release|Any CPU.Build.0 = Release|Any CPU
	EndGlobalSection
	GlobalSection(SolutionProperties) = preSolution
		HideSolutionNode = FALSE
	EndGlobalSection
	GlobalSection(ExtensibilityGlobals) = postSolution
		SolutionGuid = {287C0E88-A4E4-48E0-81C6-678597D3BE74}
	EndGlobalSection
EndGlobal
